
Microsoft Visual Studio Solution File, Format Version 12.00
# Visual Studio 15
VisualStudioVersion = 15.0.26124.0
MinimumVisualStudioVersion = 15.0.26124.0
Project("{FAE04EC0-301F-11D3-BF4B-00C04F79EFBC}") = "JollazApiQueries.Lib", "lib\JollazApiQueries.Lib.csproj", "{C9BB5CEE-2E29-4809-89E8-4EFF45D2B67E}"
EndProject
Project("{FAE04EC0-301F-11D3-BF4B-00C04F79EFBC}") = "JollazApiQueries.Tests", "tests\JollazApiQueries.Tests.csproj", "{1F873B82-9C94-48FA-AFD6-83D517F1F6A7}"
EndProject
Project("{FAE04EC0-301F-11D3-BF4B-00C04F79EFBC}") = "JollazApiQueries.Model", "model\JollazApiQueries.Model.csproj", "{F1A75321-C6CE-40CA-8BC4-A887B092F8E6}"
EndProject
Project("{FAE04EC0-301F-11D3-BF4B-00C04F79EFBC}") = "JollazApiQueries.Model.Core", "model_core\JollazApiQueries.Model.Core.csproj", "{577BF6B2-B206-4C23-A3AD-7DC11B85178E}"
EndProject
Global
	GlobalSection(SolutionConfigurationPlatforms) = preSolution
		Debug|Any CPU = Debug|Any CPU
		Debug|x64 = Debug|x64
		Debug|x86 = Debug|x86
		Release|Any CPU = Release|Any CPU
		Release|x64 = Release|x64
		Release|x86 = Release|x86
	EndGlobalSection
	GlobalSection(SolutionProperties) = preSolution
		HideSolutionNode = FALSE
	EndGlobalSection
	GlobalSection(ProjectConfigurationPlatforms) = postSolution
		{C9BB5CEE-2E29-4809-89E8-4EFF45D2B67E}.Debug|Any CPU.ActiveCfg = Debug|Any CPU
		{C9BB5CEE-2E29-4809-89E8-4EFF45D2B67E}.Debug|Any CPU.Build.0 = Debug|Any CPU
		{C9BB5CEE-2E29-4809-89E8-4EFF45D2B67E}.Debug|x64.ActiveCfg = Debug|Any CPU
		{C9BB5CEE-2E29-4809-89E8-4EFF45D2B67E}.Debug|x64.Build.0 = Debug|Any CPU
		{C9BB5CEE-2E29-4809-89E8-4EFF45D2B67E}.Debug|x86.ActiveCfg = Debug|Any CPU
		{C9BB5CEE-2E29-4809-89E8-4EFF45D2B67E}.Debug|x86.Build.0 = Debug|Any CPU
		{C9BB5CEE-2E29-4809-89E8-4EFF45D2B67E}.Release|Any CPU.ActiveCfg = Release|Any CPU
		{C9BB5CEE-2E29-4809-89E8-4EFF45D2B67E}.Release|Any CPU.Build.0 = Release|Any CPU
		{C9BB5CEE-2E29-4809-89E8-4EFF45D2B67E}.Release|x64.ActiveCfg = Release|Any CPU
		{C9BB5CEE-2E29-4809-89E8-4EFF45D2B67E}.Release|x64.Build.0 = Release|Any CPU
		{C9BB5CEE-2E29-4809-89E8-4EFF45D2B67E}.Release|x86.ActiveCfg = Release|Any CPU
		{C9BB5CEE-2E29-4809-89E8-4EFF45D2B67E}.Release|x86.Build.0 = Release|Any CPU
		{1F873B82-9C94-48FA-AFD6-83D517F1F6A7}.Debug|Any CPU.ActiveCfg = Debug|Any CPU
		{1F873B82-9C94-48FA-AFD6-83D517F1F6A7}.Debug|Any CPU.Build.0 = Debug|Any CPU
		{1F873B82-9C94-48FA-AFD6-83D517F1F6A7}.Debug|x64.ActiveCfg = Debug|Any CPU
		{1F873B82-9C94-48FA-AFD6-83D517F1F6A7}.Debug|x64.Build.0 = Debug|Any CPU
		{1F873B82-9C94-48FA-AFD6-83D517F1F6A7}.Debug|x86.ActiveCfg = Debug|Any CPU
		{1F873B82-9C94-48FA-AFD6-83D517F1F6A7}.Debug|x86.Build.0 = Debug|Any CPU
		{1F873B82-9C94-48FA-AFD6-83D517F1F6A7}.Release|Any CPU.ActiveCfg = Release|Any CPU
		{1F873B82-9C94-48FA-AFD6-83D517F1F6A7}.Release|Any CPU.Build.0 = Release|Any CPU
		{1F873B82-9C94-48FA-AFD6-83D517F1F6A7}.Release|x64.ActiveCfg = Release|Any CPU
		{1F873B82-9C94-48FA-AFD6-83D517F1F6A7}.Release|x64.Build.0 = Release|Any CPU
		{1F873B82-9C94-48FA-AFD6-83D517F1F6A7}.Release|x86.ActiveCfg = Release|Any CPU
		{1F873B82-9C94-48FA-AFD6-83D517F1F6A7}.Release|x86.Build.0 = Release|Any CPU
		{F1A75321-C6CE-40CA-8BC4-A887B092F8E6}.Debug|Any CPU.ActiveCfg = Debug|Any CPU
		{F1A75321-C6CE-40CA-8BC4-A887B092F8E6}.Debug|Any CPU.Build.0 = Debug|Any CPU
		{F1A75321-C6CE-40CA-8BC4-A887B092F8E6}.Debug|x64.ActiveCfg = Debug|Any CPU
		{F1A75321-C6CE-40CA-8BC4-A887B092F8E6}.Debug|x64.Build.0 = Debug|Any CPU
		{F1A75321-C6CE-40CA-8BC4-A887B092F8E6}.Debug|x86.ActiveCfg = Debug|Any CPU
		{F1A75321-C6CE-40CA-8BC4-A887B092F8E6}.Debug|x86.Build.0 = Debug|Any CPU
		{F1A75321-C6CE-40CA-8BC4-A887B092F8E6}.Release|Any CPU.ActiveCfg = Release|Any CPU
		{F1A75321-C6CE-40CA-8BC4-A887B092F8E6}.Release|Any CPU.Build.0 = Release|Any CPU
		{F1A75321-C6CE-40CA-8BC4-A887B092F8E6}.Release|x64.ActiveCfg = Release|Any CPU
		{F1A75321-C6CE-40CA-8BC4-A887B092F8E6}.Release|x64.Build.0 = Release|Any CPU
		{F1A75321-C6CE-40CA-8BC4-A887B092F8E6}.Release|x86.ActiveCfg = Release|Any CPU
		{F1A75321-C6CE-40CA-8BC4-A887B092F8E6}.Release|x86.Build.0 = Release|Any CPU
		{577BF6B2-B206-4C23-A3AD-7DC11B85178E}.Debug|Any CPU.ActiveCfg = Debug|Any CPU
		{577BF6B2-B206-4C23-A3AD-7DC11B85178E}.Debug|Any CPU.Build.0 = Debug|Any CPU
		{577BF6B2-B206-4C23-A3AD-7DC11B85178E}.Debug|x64.ActiveCfg = Debug|Any CPU
		{577BF6B2-B206-4C23-A3AD-7DC11B85178E}.Debug|x64.Build.0 = Debug|Any CPU
		{577BF6B2-B206-4C23-A3AD-7DC11B85178E}.Debug|x86.ActiveCfg = Debug|Any CPU
		{577BF6B2-B206-4C23-A3AD-7DC11B85178E}.Debug|x86.Build.0 = Debug|Any CPU
		{577BF6B2-B206-4C23-A3AD-7DC11B85178E}.Release|Any CPU.ActiveCfg = Release|Any CPU
		{577BF6B2-B206-4C23-A3AD-7DC11B85178E}.Release|Any CPU.Build.0 = Release|Any CPU
		{577BF6B2-B206-4C23-A3AD-7DC11B85178E}.Release|x64.ActiveCfg = Release|Any CPU
		{577BF6B2-B206-4C23-A3AD-7DC11B85178E}.Release|x64.Build.0 = Release|Any CPU
		{577BF6B2-B206-4C23-A3AD-7DC11B85178E}.Release|x86.ActiveCfg = Release|Any CPU
		{577BF6B2-B206-4C23-A3AD-7DC11B85178E}.Release|x86.Build.0 = Release|Any CPU
	EndGlobalSection
EndGlobal
